
Microsoft Visual Studio Solution File, Format Version 12.00
# Visual Studio Version 16
VisualStudioVersion = 16.0.29709.97
MinimumVisualStudioVersion = 10.0.40219.1
Project("{F184B08F-C81C-45F6-A57F-5ABD9991F28F}") = "SolutionsSalaoEscola", "SolutionsSalaoEscola\SolutionsSalaoEscola.vbproj", "{9F09ACB7-3C6D-4FB6-AEE8-85CD1121BE87}"
EndProject
Global
	GlobalSection(SolutionConfigurationPlatforms) = preSolution
		Debug|Any CPU = Debug|Any CPU
		Release|Any CPU = Release|Any CPU
	EndGlobalSection
	GlobalSection(ProjectConfigurationPlatforms) = postSolution
		{9F09ACB7-3C6D-4FB6-AEE8-85CD1121BE87}.Debug|Any CPU.ActiveCfg = Debug|Any CPU
		{9F09ACB7-3C6D-4FB6-AEE8-85CD1121BE87}.Debug|Any CPU.Build.0 = Debug|Any CPU
		{9F09ACB7-3C6D-4FB6-AEE8-85CD1121BE87}.Release|Any CPU.ActiveCfg = Release|Any CPU
		{9F09ACB7-3C6D-4FB6-AEE8-85CD1121BE87}.Release|Any CPU.Build.0 = Release|Any CPU
	EndGlobalSection
	GlobalSection(SolutionProperties) = preSolution
		HideSolutionNode = FALSE
	EndGlobalSection
	GlobalSection(ExtensibilityGlobals) = postSolution
		SolutionGuid = {33800CAE-2E61-4898-BB06-830377306B32}
	EndGlobalSection
EndGlobal
